
Microsoft Visual Studio Solution File, Format Version 12.00
# Visual Studio Version 17
VisualStudioVersion = 17.3.32929.385
MinimumVisualStudioVersion = 10.0.40219.1
Project("{FAE04EC0-301F-11D3-BF4B-00C04F79EFBC}") = "MatchGame", "MatchGame.csproj", "{51B44709-80EC-499D-BD2A-CCEA48C41473}"
EndProject
Global
	GlobalSection(SolutionConfigurationPlatforms) = preSolution
		Debug|Any CPU = Debug|Any CPU
		Release|Any CPU = Release|Any CPU
	EndGlobalSection
	GlobalSection(ProjectConfigurationPlatforms) = postSolution
		{51B44709-80EC-499D-BD2A-CCEA48C41473}.Debug|Any CPU.ActiveCfg = Debug|Any CPU
		{51B44709-80EC-499D-BD2A-CCEA48C41473}.Debug|Any CPU.Build.0 = Debug|Any CPU
		{51B44709-80EC-499D-BD2A-CCEA48C41473}.Release|Any CPU.ActiveCfg = Release|Any CPU
		{51B44709-80EC-499D-BD2A-CCEA48C41473}.Release|Any CPU.Build.0 = Release|Any CPU
	EndGlobalSection
	GlobalSection(SolutionProperties) = preSolution
		HideSolutionNode = FALSE
	EndGlobalSection
	GlobalSection(ExtensibilityGlobals) = postSolution
		SolutionGuid = {97FAE86F-6F26-4A53-9B63-C3FB4F47BCC9}
	EndGlobalSection
EndGlobal
